
Microsoft Visual Studio Solution File, Format Version 12.00
# Visual Studio Version 17
VisualStudioVersion = 17.0.31808.319
MinimumVisualStudioVersion = 10.0.40219.1
Project("{FAE04EC0-301F-11D3-BF4B-00C04F79EFBC}") = "tiangulo", "tiangulo\tiangulo.csproj", "{42BE5343-5F13-4673-898C-45BCD7479C14}"
EndProject
Global
	GlobalSection(SolutionConfigurationPlatforms) = preSolution
		Debug|Any CPU = Debug|Any CPU
		Release|Any CPU = Release|Any CPU
	EndGlobalSection
	GlobalSection(ProjectConfigurationPlatforms) = postSolution
		{42BE5343-5F13-4673-898C-45BCD7479C14}.Debug|Any CPU.ActiveCfg = Debug|Any CPU
		{42BE5343-5F13-4673-898C-45BCD7479C14}.Debug|Any CPU.Build.0 = Debug|Any CPU
		{42BE5343-5F13-4673-898C-45BCD7479C14}.Release|Any CPU.ActiveCfg = Release|Any CPU
		{42BE5343-5F13-4673-898C-45BCD7479C14}.Release|Any CPU.Build.0 = Release|Any CPU
	EndGlobalSection
	GlobalSection(SolutionProperties) = preSolution
		HideSolutionNode = FALSE
	EndGlobalSection
	GlobalSection(ExtensibilityGlobals) = postSolution
		SolutionGuid = {73B3501B-C9BD-4051-93C5-DDFFB3D9100D}
	EndGlobalSection
EndGlobal
